// !$*UTF8*$!
{
	archiveVersion = 1;
	classes = {
	};
	objectVersion = 46;
	objects = {

/* Begin PBXBuildFile section */
		96FC77051765337C0070FE6A /* Cocoa.framework in Frameworks */ = {isa = PBXBuildFile; fileRef = 96FC77041765337C0070FE6A /* Cocoa.framework */; };
		96FC77171765337C0070FE6A /* SenTestingKit.framework in Frameworks */ = {isa = PBXBuildFile; fileRef = 96FC77161765337C0070FE6A /* SenTestingKit.framework */; };
		96FC77181765337C0070FE6A /* Cocoa.framework in Frameworks */ = {isa = PBXBuildFile; fileRef = 96FC77041765337C0070FE6A /* Cocoa.framework */; };
		96FC771B1765337C0070FE6A /* libsybil.a in Frameworks */ = {isa = PBXBuildFile; fileRef = 96FC77011765337C0070FE6A /* libsybil.a */; };
		96FC77211765337C0070FE6A /* InfoPlist.strings in Resources */ = {isa = PBXBuildFile; fileRef = 96FC771F1765337C0070FE6A /* InfoPlist.strings */; };
		96FC77241765337C0070FE6A /* sybilTests.m in Sources */ = {isa = PBXBuildFile; fileRef = 96FC77231765337C0070FE6A /* sybilTests.m */; };
		96FC7735176534270070FE6A /* entity_i.h in Headers */ = {isa = PBXBuildFile; fileRef = 96FC772D176534270070FE6A /* entity_i.h */; };
		96FC7736176534270070FE6A /* entity_i.m in Sources */ = {isa = PBXBuildFile; fileRef = 96FC772E176534270070FE6A /* entity_i.m */; };
		96FC7737176534270070FE6A /* Entity.h in Headers */ = {isa = PBXBuildFile; fileRef = 96FC772F176534270070FE6A /* Entity.h */; };
		96FC7738176534270070FE6A /* Entity.m in Sources */ = {isa = PBXBuildFile; fileRef = 96FC7730176534270070FE6A /* Entity.m */; };
		96FC7739176534270070FE6A /* Entity+DynamicAccessors.h in Headers */ = {isa = PBXBuildFile; fileRef = 96FC7731176534270070FE6A /* Entity+DynamicAccessors.h */; };
		96FC773A176534270070FE6A /* Entity+DynamicAccessors.m in Sources */ = {isa = PBXBuildFile; fileRef = 96FC7732176534270070FE6A /* Entity+DynamicAccessors.m */; };
		96FC773B176534270070FE6A /* Type.h in Headers */ = {isa = PBXBuildFile; fileRef = 96FC7733176534270070FE6A /* Type.h */; };
		96FC773C176534270070FE6A /* Type.m in Sources */ = {isa = PBXBuildFile; fileRef = 96FC7734176534270070FE6A /* Type.m */; };
		96FC7742176534490070FE6A /* Person.h in Headers */ = {isa = PBXBuildFile; fileRef = 96FC773E176534490070FE6A /* Person.h */; };
		96FC7743176534490070FE6A /* Person.m in Sources */ = {isa = PBXBuildFile; fileRef = 96FC773F176534490070FE6A /* Person.m */; };
		96FC7744176534490070FE6A /* Topic.h in Headers */ = {isa = PBXBuildFile; fileRef = 96FC7740176534490070FE6A /* Topic.h */; };
		96FC7745176534490070FE6A /* Topic.m in Sources */ = {isa = PBXBuildFile; fileRef = 96FC7741176534490070FE6A /* Topic.m */; };
/* End PBXBuildFile section */

/* Begin PBXContainerItemProxy section */
		96FC77191765337C0070FE6A /* PBXContainerItemProxy */ = {
			isa = PBXContainerItemProxy;
			containerPortal = 96FC76F91765337C0070FE6A /* Project object */;
			proxyType = 1;
			remoteGlobalIDString = 96FC77001765337C0070FE6A;
			remoteInfo = sybil;
		};
/* End PBXContainerItemProxy section */

/* Begin PBXFileReference section */
		96FC77011765337C0070FE6A /* libsybil.a */ = {isa = PBXFileReference; explicitFileType = archive.ar; includeInIndex = 0; path = libsybil.a; sourceTree = BUILT_PRODUCTS_DIR; };
		96FC77041765337C0070FE6A /* Cocoa.framework */ = {isa = PBXFileReference; lastKnownFileType = wrapper.framework; name = Cocoa.framework; path = System/Library/Frameworks/Cocoa.framework; sourceTree = SDKROOT; };
		96FC77071765337C0070FE6A /* AppKit.framework */ = {isa = PBXFileReference; lastKnownFileType = wrapper.framework; name = AppKit.framework; path = System/Library/Frameworks/AppKit.framework; sourceTree = SDKROOT; };
		96FC77081765337C0070FE6A /* CoreData.framework */ = {isa = PBXFileReference; lastKnownFileType = wrapper.framework; name = CoreData.framework; path = System/Library/Frameworks/CoreData.framework; sourceTree = SDKROOT; };
		96FC77091765337C0070FE6A /* Foundation.framework */ = {isa = PBXFileReference; lastKnownFileType = wrapper.framework; name = Foundation.framework; path = System/Library/Frameworks/Foundation.framework; sourceTree = SDKROOT; };
		96FC770C1765337C0070FE6A /* sybil-Prefix.pch */ = {isa = PBXFileReference; lastKnownFileType = sourcecode.c.h; path = "sybil-Prefix.pch"; sourceTree = "<group>"; };
		96FC770D1765337C0070FE6A /* sybil.h */ = {isa = PBXFileReference; lastKnownFileType = sourcecode.c.h; path = sybil.h; sourceTree = "<group>"; };
		96FC77151765337C0070FE6A /* sybilTests.octest */ = {isa = PBXFileReference; explicitFileType = wrapper.cfbundle; includeInIndex = 0; path = sybilTests.octest; sourceTree = BUILT_PRODUCTS_DIR; };
		96FC77161765337C0070FE6A /* SenTestingKit.framework */ = {isa = PBXFileReference; lastKnownFileType = wrapper.framework; name = SenTestingKit.framework; path = Library/Frameworks/SenTestingKit.framework; sourceTree = DEVELOPER_DIR; };
		96FC771E1765337C0070FE6A /* sybilTests-Info.plist */ = {isa = PBXFileReference; lastKnownFileType = text.plist.xml; path = "sybilTests-Info.plist"; sourceTree = "<group>"; };
		96FC77201765337C0070FE6A /* en */ = {isa = PBXFileReference; lastKnownFileType = text.plist.strings; name = en; path = en.lproj/InfoPlist.strings; sourceTree = "<group>"; };
		96FC77221765337C0070FE6A /* sybilTests.h */ = {isa = PBXFileReference; lastKnownFileType = sourcecode.c.h; path = sybilTests.h; sourceTree = "<group>"; };
		96FC77231765337C0070FE6A /* sybilTests.m */ = {isa = PBXFileReference; lastKnownFileType = sourcecode.c.objc; path = sybilTests.m; sourceTree = "<group>"; };
		96FC772D176534270070FE6A /* entity_i.h */ = {isa = PBXFileReference; fileEncoding = 4; lastKnownFileType = sourcecode.c.h; name = entity_i.h; path = core/entity_i.h; sourceTree = "<group>"; };
		96FC772E176534270070FE6A /* entity_i.m */ = {isa = PBXFileReference; fileEncoding = 4; lastKnownFileType = sourcecode.c.objc; name = entity_i.m; path = core/entity_i.m; sourceTree = "<group>"; };
		96FC772F176534270070FE6A /* Entity.h */ = {isa = PBXFileReference; fileEncoding = 4; lastKnownFileType = sourcecode.c.h; name = Entity.h; path = core/Entity.h; sourceTree = "<group>"; };
		96FC7730176534270070FE6A /* Entity.m */ = {isa = PBXFileReference; fileEncoding = 4; lastKnownFileType = sourcecode.c.objc; name = Entity.m; path = core/Entity.m; sourceTree = "<group>"; };
		96FC7731176534270070FE6A /* Entity+DynamicAccessors.h */ = {isa = PBXFileReference; fileEncoding = 4; lastKnownFileType = sourcecode.c.h; name = "Entity+DynamicAccessors.h"; path = "core/Entity+DynamicAccessors.h"; sourceTree = "<group>"; };
		96FC7732176534270070FE6A /* Entity+DynamicAccessors.m */ = {isa = PBXFileReference; fileEncoding = 4; lastKnownFileType = sourcecode.c.objc; name = "Entity+DynamicAccessors.m"; path = "core/Entity+DynamicAccessors.m"; sourceTree = "<group>"; };
		96FC7733176534270070FE6A /* Type.h */ = {isa = PBXFileReference; fileEncoding = 4; lastKnownFileType = sourcecode.c.h; name = Type.h; path = core/Type.h; sourceTree = "<group>"; };
		96FC7734176534270070FE6A /* Type.m */ = {isa = PBXFileReference; fileEncoding = 4; lastKnownFileType = sourcecode.c.objc; name = Type.m; path = core/Type.m; sourceTree = "<group>"; };
		96FC773E176534490070FE6A /* Person.h */ = {isa = PBXFileReference; fileEncoding = 4; lastKnownFileType = sourcecode.c.h; path = Person.h; sourceTree = "<group>"; };
		96FC773F176534490070FE6A /* Person.m */ = {isa = PBXFileReference; fileEncoding = 4; lastKnownFileType = sourcecode.c.objc; path = Person.m; sourceTree = "<group>"; };
		96FC7740176534490070FE6A /* Topic.h */ = {isa = PBXFileReference; fileEncoding = 4; lastKnownFileType = sourcecode.c.h; path = Topic.h; sourceTree = "<group>"; };
		96FC7741176534490070FE6A /* Topic.m */ = {isa = PBXFileReference; fileEncoding = 4; lastKnownFileType = sourcecode.c.objc; path = Topic.m; sourceTree = "<group>"; };
/* End PBXFileReference section */

/* Begin PBXFrameworksBuildPhase section */
		96FC76FE1765337C0070FE6A /* Frameworks */ = {
			isa = PBXFrameworksBuildPhase;
			buildActionMask = 2147483647;
			files = (
				96FC77051765337C0070FE6A /* Cocoa.framework in Frameworks */,
			);
			runOnlyForDeploymentPostprocessing = 0;
		};
		96FC77111765337C0070FE6A /* Frameworks */ = {
			isa = PBXFrameworksBuildPhase;
			buildActionMask = 2147483647;
			files = (
				96FC77171765337C0070FE6A /* SenTestingKit.framework in Frameworks */,
				96FC77181765337C0070FE6A /* Cocoa.framework in Frameworks */,
				96FC771B1765337C0070FE6A /* libsybil.a in Frameworks */,
			);
			runOnlyForDeploymentPostprocessing = 0;
		};
/* End PBXFrameworksBuildPhase section */

/* Begin PBXGroup section */
		96FC76F81765337C0070FE6A = {
			isa = PBXGroup;
			children = (
				96FC770A1765337C0070FE6A /* sybil */,
				96FC771C1765337C0070FE6A /* sybilTests */,
				96FC77031765337C0070FE6A /* Frameworks */,
				96FC77021765337C0070FE6A /* Products */,
			);
			sourceTree = "<group>";
		};
		96FC77021765337C0070FE6A /* Products */ = {
			isa = PBXGroup;
			children = (
				96FC77011765337C0070FE6A /* libsybil.a */,
				96FC77151765337C0070FE6A /* sybilTests.octest */,
			);
			name = Products;
			sourceTree = "<group>";
		};
		96FC77031765337C0070FE6A /* Frameworks */ = {
			isa = PBXGroup;
			children = (
				96FC77041765337C0070FE6A /* Cocoa.framework */,
				96FC77161765337C0070FE6A /* SenTestingKit.framework */,
				96FC77061765337C0070FE6A /* Other Frameworks */,
			);
			name = Frameworks;
			sourceTree = "<group>";
		};
		96FC77061765337C0070FE6A /* Other Frameworks */ = {
			isa = PBXGroup;
			children = (
				96FC77071765337C0070FE6A /* AppKit.framework */,
				96FC77081765337C0070FE6A /* CoreData.framework */,
				96FC77091765337C0070FE6A /* Foundation.framework */,
			);
			name = "Other Frameworks";
			sourceTree = "<group>";
		};
		96FC770A1765337C0070FE6A /* sybil */ = {
			isa = PBXGroup;
			children = (
				96FC773E176534490070FE6A /* Person.h */,
				96FC773F176534490070FE6A /* Person.m */,
				96FC7740176534490070FE6A /* Topic.h */,
				96FC7741176534490070FE6A /* Topic.m */,
				96FC773D176534320070FE6A /* core */,
				96FC770D1765337C0070FE6A /* sybil.h */,
				96FC770B1765337C0070FE6A /* Supporting Files */,
			);
			path = sybil;
			sourceTree = "<group>";
		};
		96FC770B1765337C0070FE6A /* Supporting Files */ = {
			isa = PBXGroup;
			children = (
				96FC770C1765337C0070FE6A /* sybil-Prefix.pch */,
			);
			name = "Supporting Files";
			sourceTree = "<group>";
		};
		96FC771C1765337C0070FE6A /* sybilTests */ = {
			isa = PBXGroup;
			children = (
				96FC77221765337C0070FE6A /* sybilTests.h */,
				96FC77231765337C0070FE6A /* sybilTests.m */,
				96FC771D1765337C0070FE6A /* Supporting Files */,
			);
			path = sybilTests;
			sourceTree = "<group>";
		};
		96FC771D1765337C0070FE6A /* Supporting Files */ = {
			isa = PBXGroup;
			children = (
				96FC771E1765337C0070FE6A /* sybilTests-Info.plist */,
				96FC771F1765337C0070FE6A /* InfoPlist.strings */,
			);
			name = "Supporting Files";
			sourceTree = "<group>";
		};
		96FC773D176534320070FE6A /* core */ = {
			isa = PBXGroup;
			children = (
				96FC772D176534270070FE6A /* entity_i.h */,
				96FC772E176534270070FE6A /* entity_i.m */,
				96FC772F176534270070FE6A /* Entity.h */,
				96FC7730176534270070FE6A /* Entity.m */,
				96FC7731176534270070FE6A /* Entity+DynamicAccessors.h */,
				96FC7732176534270070FE6A /* Entity+DynamicAccessors.m */,
				96FC7733176534270070FE6A /* Type.h */,
				96FC7734176534270070FE6A /* Type.m */,
			);
			name = core;
			sourceTree = "<group>";
		};
/* End PBXGroup section */

/* Begin PBXHeadersBuildPhase section */
		96FC76FF1765337C0070FE6A /* Headers */ = {
			isa = PBXHeadersBuildPhase;
			buildActionMask = 2147483647;
			files = (
				96FC7735176534270070FE6A /* entity_i.h in Headers */,
				96FC7737176534270070FE6A /* Entity.h in Headers */,
				96FC7739176534270070FE6A /* Entity+DynamicAccessors.h in Headers */,
				96FC773B176534270070FE6A /* Type.h in Headers */,
				96FC7742176534490070FE6A /* Person.h in Headers */,
				96FC7744176534490070FE6A /* Topic.h in Headers */,
			);
			runOnlyForDeploymentPostprocessing = 0;
		};
/* End PBXHeadersBuildPhase section */

/* Begin PBXNativeTarget section */
		96FC77001765337C0070FE6A /* sybil */ = {
			isa = PBXNativeTarget;
			buildConfigurationList = 96FC77271765337C0070FE6A /* Build configuration list for PBXNativeTarget "sybil" */;
			buildPhases = (
				96FC76FD1765337C0070FE6A /* Sources */,
				96FC76FE1765337C0070FE6A /* Frameworks */,
				96FC76FF1765337C0070FE6A /* Headers */,
			);
			buildRules = (
			);
			dependencies = (
			);
			name = sybil;
			productName = sybil;
			productReference = 96FC77011765337C0070FE6A /* libsybil.a */;
			productType = "com.apple.product-type.library.static";
		};
		96FC77141765337C0070FE6A /* sybilTests */ = {
			isa = PBXNativeTarget;
			buildConfigurationList = 96FC772A1765337C0070FE6A /* Build configuration list for PBXNativeTarget "sybilTests" */;
			buildPhases = (
				96FC77101765337C0070FE6A /* Sources */,
				96FC77111765337C0070FE6A /* Frameworks */,
				96FC77121765337C0070FE6A /* Resources */,
				96FC77131765337C0070FE6A /* ShellScript */,
			);
			buildRules = (
			);
			dependencies = (
				96FC771A1765337C0070FE6A /* PBXTargetDependency */,
			);
			name = sybilTests;
			productName = sybilTests;
			productReference = 96FC77151765337C0070FE6A /* sybilTests.octest */;
			productType = "com.apple.product-type.bundle";
		};
/* End PBXNativeTarget section */

/* Begin PBXProject section */
		96FC76F91765337C0070FE6A /* Project object */ = {
			isa = PBXProject;
			attributes = {
				LastUpgradeCheck = 0460;
				ORGANIZATIONNAME = "Jason Jobe";
			};
			buildConfigurationList = 96FC76FC1765337C0070FE6A /* Build configuration list for PBXProject "sybil" */;
			compatibilityVersion = "Xcode 3.2";
			developmentRegion = English;
			hasScannedForEncodings = 0;
			knownRegions = (
				en,
			);
			mainGroup = 96FC76F81765337C0070FE6A;
			productRefGroup = 96FC77021765337C0070FE6A /* Products */;
			projectDirPath = "";
			projectRoot = "";
			targets = (
				96FC77001765337C0070FE6A /* sybil */,
				96FC77141765337C0070FE6A /* sybilTests */,
			);
		};
/* End PBXProject section */

/* Begin PBXResourcesBuildPhase section */
		96FC77121765337C0070FE6A /* Resources */ = {
			isa = PBXResourcesBuildPhase;
			buildActionMask = 2147483647;
			files = (
				96FC77211765337C0070FE6A /* InfoPlist.strings in Resources */,
			);
			runOnlyForDeploymentPostprocessing = 0;
		};
/* End PBXResourcesBuildPhase section */

/* Begin PBXShellScriptBuildPhase section */
		96FC77131765337C0070FE6A /* ShellScript */ = {
			isa = PBXShellScriptBuildPhase;
			buildActionMask = 2147483647;
			files = (
			);
			inputPaths = (
			);
			outputPaths = (
			);
			runOnlyForDeploymentPostprocessing = 0;
			shellPath = /bin/sh;
			shellScript = "# Run the unit tests in this test bundle.\n\"${SYSTEM_DEVELOPER_DIR}/Tools/RunUnitTests\"\n";
		};
/* End PBXShellScriptBuildPhase section */

/* Begin PBXSourcesBuildPhase section */
		96FC76FD1765337C0070FE6A /* Sources */ = {
			isa = PBXSourcesBuildPhase;
			buildActionMask = 2147483647;
			files = (
				96FC7736176534270070FE6A /* entity_i.m in Sources */,
				96FC7738176534270070FE6A /* Entity.m in Sources */,
				96FC773A176534270070FE6A /* Entity+DynamicAccessors.m in Sources */,
				96FC773C176534270070FE6A /* Type.m in Sources */,
				96FC7743176534490070FE6A /* Person.m in Sources */,
				96FC7745176534490070FE6A /* Topic.m in Sources */,
			);
			runOnlyForDeploymentPostprocessing = 0;
		};
		96FC77101765337C0070FE6A /* Sources */ = {
			isa = PBXSourcesBuildPhase;
			buildActionMask = 2147483647;
			files = (
				96FC77241765337C0070FE6A /* sybilTests.m in Sources */,
			);
			runOnlyForDeploymentPostprocessing = 0;
		};
/* End PBXSourcesBuildPhase section */

/* Begin PBXTargetDependency section */
		96FC771A1765337C0070FE6A /* PBXTargetDependency */ = {
			isa = PBXTargetDependency;
			target = 96FC77001765337C0070FE6A /* sybil */;
			targetProxy = 96FC77191765337C0070FE6A /* PBXContainerItemProxy */;
		};
/* End PBXTargetDependency section */

/* Begin PBXVariantGroup section */
		96FC771F1765337C0070FE6A /* InfoPlist.strings */ = {
			isa = PBXVariantGroup;
			children = (
				96FC77201765337C0070FE6A /* en */,
			);
			name = InfoPlist.strings;
			sourceTree = "<group>";
		};
/* End PBXVariantGroup section */

/* Begin XCBuildConfiguration section */
		96FC77251765337C0070FE6A /* Debug */ = {
			isa = XCBuildConfiguration;
			buildSettings = {
				ALWAYS_SEARCH_USER_PATHS = NO;
				ARCHS = "$(ARCHS_STANDARD_64_BIT)";
				CLANG_CXX_LANGUAGE_STANDARD = "gnu++0x";
				CLANG_CXX_LIBRARY = "libc++";
				CLANG_ENABLE_OBJC_ARC = YES;
				CLANG_WARN_CONSTANT_CONVERSION = YES;
				CLANG_WARN_EMPTY_BODY = YES;
				CLANG_WARN_ENUM_CONVERSION = YES;
				CLANG_WARN_INT_CONVERSION = YES;
				CLANG_WARN__DUPLICATE_METHOD_MATCH = YES;
				COPY_PHASE_STRIP = NO;
				GCC_C_LANGUAGE_STANDARD = gnu99;
				GCC_DYNAMIC_NO_PIC = NO;
				GCC_ENABLE_OBJC_EXCEPTIONS = YES;
				GCC_OPTIMIZATION_LEVEL = 0;
				GCC_PREPROCESSOR_DEFINITIONS = (
					"DEBUG=1",
					"$(inherited)",
				);
				GCC_SYMBOLS_PRIVATE_EXTERN = NO;
				GCC_WARN_64_TO_32_BIT_CONVERSION = YES;
				GCC_WARN_ABOUT_RETURN_TYPE = YES;
				GCC_WARN_UNINITIALIZED_AUTOS = YES;
				GCC_WARN_UNUSED_VARIABLE = YES;
				MACOSX_DEPLOYMENT_TARGET = 10.8;
				ONLY_ACTIVE_ARCH = YES;
				SDKROOT = macosx;
			};
			name = Debug;
		};
		96FC77261765337C0070FE6A /* Release */ = {
			isa = XCBuildConfiguration;
			buildSettings = {
				ALWAYS_SEARCH_USER_PATHS = NO;
				ARCHS = "$(ARCHS_STANDARD_64_BIT)";
				CLANG_CXX_LANGUAGE_STANDARD = "gnu++0x";
				CLANG_CXX_LIBRARY = "libc++";
				CLANG_ENABLE_OBJC_ARC = YES;
				CLANG_WARN_CONSTANT_CONVERSION = YES;
				CLANG_WARN_EMPTY_BODY = YES;
				CLANG_WARN_ENUM_CONVERSION = YES;
				CLANG_WARN_INT_CONVERSION = YES;
				CLANG_WARN__DUPLICATE_METHOD_MATCH = YES;
				COPY_PHASE_STRIP = YES;
				DEBUG_INFORMATION_FORMAT = "dwarf-with-dsym";
				GCC_C_LANGUAGE_STANDARD = gnu99;
				GCC_ENABLE_OBJC_EXCEPTIONS = YES;
				GCC_WARN_64_TO_32_BIT_CONVERSION = YES;
				GCC_WARN_ABOUT_RETURN_TYPE = YES;
				GCC_WARN_UNINITIALIZED_AUTOS = YES;
				GCC_WARN_UNUSED_VARIABLE = YES;
				MACOSX_DEPLOYMENT_TARGET = 10.8;
				SDKROOT = macosx;
			};
			name = Release;
		};
		96FC77281765337C0070FE6A /* Debug */ = {
			isa = XCBuildConfiguration;
			buildSettings = {
				GCC_PRECOMPILE_PREFIX_HEADER = YES;
				GCC_PREFIX_HEADER = "sybil/sybil-Prefix.pch";
				PRODUCT_NAME = "$(TARGET_NAME)";
			};
			name = Debug;
		};
		96FC77291765337C0070FE6A /* Release */ = {
			isa = XCBuildConfiguration;
			buildSettings = {
				GCC_PRECOMPILE_PREFIX_HEADER = YES;
				GCC_PREFIX_HEADER = "sybil/sybil-Prefix.pch";
				PRODUCT_NAME = "$(TARGET_NAME)";
			};
			name = Release;
		};
		96FC772B1765337C0070FE6A /* Debug */ = {
			isa = XCBuildConfiguration;
			buildSettings = {
				COMBINE_HIDPI_IMAGES = YES;
				FRAMEWORK_SEARCH_PATHS = "\"$(DEVELOPER_LIBRARY_DIR)/Frameworks\"";
				GCC_PRECOMPILE_PREFIX_HEADER = YES;
				GCC_PREFIX_HEADER = "sybil/sybil-Prefix.pch";
				INFOPLIST_FILE = "sybilTests/sybilTests-Info.plist";
				PRODUCT_NAME = "$(TARGET_NAME)";
				WRAPPER_EXTENSION = octest;
			};
			name = Debug;
		};
		96FC772C1765337C0070FE6A /* Release */ = {
			isa = XCBuildConfiguration;
			buildSettings = {
				COMBINE_HIDPI_IMAGES = YES;
				FRAMEWORK_SEARCH_PATHS = "\"$(DEVELOPER_LIBRARY_DIR)/Frameworks\"";
				GCC_PRECOMPILE_PREFIX_HEADER = YES;
				GCC_PREFIX_HEADER = "sybil/sybil-Prefix.pch";
				INFOPLIST_FILE = "sybilTests/sybilTests-Info.plist";
				PRODUCT_NAME = "$(TARGET_NAME)";
				WRAPPER_EXTENSION = octest;
			};
			name = Release;
		};
/* End XCBuildConfiguration section */

/* Begin XCConfigurationList section */
		96FC76FC1765337C0070FE6A /* Build configuration list for PBXProject "sybil" */ = {
			isa = XCConfigurationList;
			buildConfigurations = (
				96FC77251765337C0070FE6A /* Debug */,
				96FC77261765337C0070FE6A /* Release */,
			);
			defaultConfigurationIsVisible = 0;
			defaultConfigurationName = Release;
		};
		96FC77271765337C0070FE6A /* Build configuration list for PBXNativeTarget "sybil" */ = {
			isa = XCConfigurationList;
			buildConfigurations = (
				96FC77281765337C0070FE6A /* Debug */,
				96FC77291765337C0070FE6A /* Release */,
			);
			defaultConfigurationIsVisible = 0;
			defaultConfigurationName = Release;
		};
		96FC772A1765337C0070FE6A /* Build configuration list for PBXNativeTarget "sybilTests" */ = {
			isa = XCConfigurationList;
			buildConfigurations = (
				96FC772B1765337C0070FE6A /* Debug */,
				96FC772C1765337C0070FE6A /* Release */,
			);
			defaultConfigurationIsVisible = 0;
			defaultConfigurationName = Release;
		};
/* End XCConfigurationList section */
	};
	rootObject = 96FC76F91765337C0070FE6A /* Project object */;
}
